
Microsoft Visual Studio Solution File, Format Version 12.00
# Visual Studio Version 16
VisualStudioVersion = 16.0.29613.14
MinimumVisualStudioVersion = 10.0.40219.1
Project("{FAE04EC0-301F-11D3-BF4B-00C04F79EFBC}") = "163AlbumGet", "163AlbumGet.csproj", "{54FA5544-0C6F-412C-91EC-D813DCC54FD1}"
EndProject
Global
	GlobalSection(SolutionConfigurationPlatforms) = preSolution
		Debug|Any CPU = Debug|Any CPU
		Release|Any CPU = Release|Any CPU
	EndGlobalSection
	GlobalSection(ProjectConfigurationPlatforms) = postSolution
		{54FA5544-0C6F-412C-91EC-D813DCC54FD1}.Debug|Any CPU.ActiveCfg = Debug|Any CPU
		{54FA5544-0C6F-412C-91EC-D813DCC54FD1}.Debug|Any CPU.Build.0 = Debug|Any CPU
		{54FA5544-0C6F-412C-91EC-D813DCC54FD1}.Release|Any CPU.ActiveCfg = Release|Any CPU
		{54FA5544-0C6F-412C-91EC-D813DCC54FD1}.Release|Any CPU.Build.0 = Release|Any CPU
	EndGlobalSection
	GlobalSection(SolutionProperties) = preSolution
		HideSolutionNode = FALSE
	EndGlobalSection
	GlobalSection(ExtensibilityGlobals) = postSolution
		SolutionGuid = {EB6674CB-793C-47C4-AB7A-06D418503F0A}
	EndGlobalSection
EndGlobal
